
Microsoft Visual Studio Solution File, Format Version 12.00
# Visual Studio Version 17
VisualStudioVersion = 17.0.31903.59
MinimumVisualStudioVersion = 10.0.40219.1
Project("{2150E333-8FDC-42A3-9474-1A3956D46DE8}") = "src", "src", "{63E605CF-573F-4AC1-A544-0634F7DFA72E}"
EndProject
Project("{FAE04EC0-301F-11D3-BF4B-00C04F79EFBC}") = "Lakepipe.Core", "src\Lakepipe.Core\Lakepipe.Core.csproj", "{B2BFD914-2CD5-4594-82A7-4F198067CBB6}"
EndProject
Project("{FAE04EC0-301F-11D3-BF4B-00C04F79EFBC}") = "Lakepipe.Sources", "src\Lakepipe.Sources\Lakepipe.Sources.csproj", "{A00E6040-D2CC-428C-971C-DD04084B8CA6}"
EndProject
Project("{FAE04EC0-301F-11D3-BF4B-00C04F79EFBC}") = "Lakepipe.Sinks", "src\Lakepipe.Sinks\Lakepipe.Sinks.csproj", "{9B122E91-554F-45B8-B300-3317C90E73A2}"
EndProject
Project("{FAE04EC0-301F-11D3-BF4B-00C04F79EFBC}") = "Lakepipe.Cache", "src\Lakepipe.Cache\Lakepipe.Cache.csproj", "{E7AB2BA8-36FF-4622-B318-F69BCA694745}"
EndProject
Project("{FAE04EC0-301F-11D3-BF4B-00C04F79EFBC}") = "Lakepipe.Transforms", "src\Lakepipe.Transforms\Lakepipe.Transforms.csproj", "{94BDF1EF-CF33-4AEE-AADF-3255A69203AD}"
EndProject
Project("{FAE04EC0-301F-11D3-BF4B-00C04F79EFBC}") = "Lakepipe.Configuration", "src\Lakepipe.Configuration\Lakepipe.Configuration.csproj", "{3CA41A12-778F-45E5-8CDB-A07E743CB4A0}"
EndProject
Project("{FAE04EC0-301F-11D3-BF4B-00C04F79EFBC}") = "Lakepipe.Api", "src\Lakepipe.Api\Lakepipe.Api.csproj", "{2A2BAB97-06C7-4B7A-950E-6C5E8DEEDC4B}"
EndProject
Project("{FAE04EC0-301F-11D3-BF4B-00C04F79EFBC}") = "Lakepipe.Streaming", "src\Lakepipe.Streaming\Lakepipe.Streaming.csproj", "{E7AEDFA4-EF09-43D7-89DF-D9423A5BAF81}"
EndProject
Project("{FAE04EC0-301F-11D3-BF4B-00C04F79EFBC}") = "Lakepipe.Cli", "src\Lakepipe.Cli\Lakepipe.Cli.csproj", "{22F77721-06C8-4467-BF51-F3565A833FE6}"
EndProject
Project("{2150E333-8FDC-42A3-9474-1A3956D46DE8}") = "tests", "tests", "{FC813D0E-383C-48F6-A33A-A028FCE09680}"
EndProject
Project("{FAE04EC0-301F-11D3-BF4B-00C04F79EFBC}") = "Lakepipe.Core.Tests", "tests\Lakepipe.Core.Tests\Lakepipe.Core.Tests.csproj", "{CC79E3B9-A6EE-404B-9D20-67CEA5915434}"
EndProject
Project("{FAE04EC0-301F-11D3-BF4B-00C04F79EFBC}") = "Lakepipe.Integration.Tests", "tests\Lakepipe.Integration.Tests\Lakepipe.Integration.Tests.csproj", "{F5F944CD-8712-4949-8460-3F3D0DD66CFC}"
EndProject
Global
	GlobalSection(SolutionConfigurationPlatforms) = preSolution
		Debug|Any CPU = Debug|Any CPU
		Release|Any CPU = Release|Any CPU
	EndGlobalSection
	GlobalSection(SolutionProperties) = preSolution
		HideSolutionNode = FALSE
	EndGlobalSection
	GlobalSection(ProjectConfigurationPlatforms) = postSolution
		{B2BFD914-2CD5-4594-82A7-4F198067CBB6}.Debug|Any CPU.ActiveCfg = Debug|Any CPU
		{B2BFD914-2CD5-4594-82A7-4F198067CBB6}.Debug|Any CPU.Build.0 = Debug|Any CPU
		{B2BFD914-2CD5-4594-82A7-4F198067CBB6}.Release|Any CPU.ActiveCfg = Release|Any CPU
		{B2BFD914-2CD5-4594-82A7-4F198067CBB6}.Release|Any CPU.Build.0 = Release|Any CPU
		{A00E6040-D2CC-428C-971C-DD04084B8CA6}.Debug|Any CPU.ActiveCfg = Debug|Any CPU
		{A00E6040-D2CC-428C-971C-DD04084B8CA6}.Debug|Any CPU.Build.0 = Debug|Any CPU
		{A00E6040-D2CC-428C-971C-DD04084B8CA6}.Release|Any CPU.ActiveCfg = Release|Any CPU
		{A00E6040-D2CC-428C-971C-DD04084B8CA6}.Release|Any CPU.Build.0 = Release|Any CPU
		{9B122E91-554F-45B8-B300-3317C90E73A2}.Debug|Any CPU.ActiveCfg = Debug|Any CPU
		{9B122E91-554F-45B8-B300-3317C90E73A2}.Debug|Any CPU.Build.0 = Debug|Any CPU
		{9B122E91-554F-45B8-B300-3317C90E73A2}.Release|Any CPU.ActiveCfg = Release|Any CPU
		{9B122E91-554F-45B8-B300-3317C90E73A2}.Release|Any CPU.Build.0 = Release|Any CPU
		{E7AB2BA8-36FF-4622-B318-F69BCA694745}.Debug|Any CPU.ActiveCfg = Debug|Any CPU
		{E7AB2BA8-36FF-4622-B318-F69BCA694745}.Debug|Any CPU.Build.0 = Debug|Any CPU
		{E7AB2BA8-36FF-4622-B318-F69BCA694745}.Release|Any CPU.ActiveCfg = Release|Any CPU
		{E7AB2BA8-36FF-4622-B318-F69BCA694745}.Release|Any CPU.Build.0 = Release|Any CPU
		{94BDF1EF-CF33-4AEE-AADF-3255A69203AD}.Debug|Any CPU.ActiveCfg = Debug|Any CPU
		{94BDF1EF-CF33-4AEE-AADF-3255A69203AD}.Debug|Any CPU.Build.0 = Debug|Any CPU
		{94BDF1EF-CF33-4AEE-AADF-3255A69203AD}.Release|Any CPU.ActiveCfg = Release|Any CPU
		{94BDF1EF-CF33-4AEE-AADF-3255A69203AD}.Release|Any CPU.Build.0 = Release|Any CPU
		{3CA41A12-778F-45E5-8CDB-A07E743CB4A0}.Debug|Any CPU.ActiveCfg = Debug|Any CPU
		{3CA41A12-778F-45E5-8CDB-A07E743CB4A0}.Debug|Any CPU.Build.0 = Debug|Any CPU
		{3CA41A12-778F-45E5-8CDB-A07E743CB4A0}.Release|Any CPU.ActiveCfg = Release|Any CPU
		{3CA41A12-778F-45E5-8CDB-A07E743CB4A0}.Release|Any CPU.Build.0 = Release|Any CPU
		{2A2BAB97-06C7-4B7A-950E-6C5E8DEEDC4B}.Debug|Any CPU.ActiveCfg = Debug|Any CPU
		{2A2BAB97-06C7-4B7A-950E-6C5E8DEEDC4B}.Debug|Any CPU.Build.0 = Debug|Any CPU
		{2A2BAB97-06C7-4B7A-950E-6C5E8DEEDC4B}.Release|Any CPU.ActiveCfg = Release|Any CPU
		{2A2BAB97-06C7-4B7A-950E-6C5E8DEEDC4B}.Release|Any CPU.Build.0 = Release|Any CPU
		{E7AEDFA4-EF09-43D7-89DF-D9423A5BAF81}.Debug|Any CPU.ActiveCfg = Debug|Any CPU
		{E7AEDFA4-EF09-43D7-89DF-D9423A5BAF81}.Debug|Any CPU.Build.0 = Debug|Any CPU
		{E7AEDFA4-EF09-43D7-89DF-D9423A5BAF81}.Release|Any CPU.ActiveCfg = Release|Any CPU
		{E7AEDFA4-EF09-43D7-89DF-D9423A5BAF81}.Release|Any CPU.Build.0 = Release|Any CPU
		{22F77721-06C8-4467-BF51-F3565A833FE6}.Debug|Any CPU.ActiveCfg = Debug|Any CPU
		{22F77721-06C8-4467-BF51-F3565A833FE6}.Debug|Any CPU.Build.0 = Debug|Any CPU
		{22F77721-06C8-4467-BF51-F3565A833FE6}.Release|Any CPU.ActiveCfg = Release|Any CPU
		{22F77721-06C8-4467-BF51-F3565A833FE6}.Release|Any CPU.Build.0 = Release|Any CPU
		{CC79E3B9-A6EE-404B-9D20-67CEA5915434}.Debug|Any CPU.ActiveCfg = Debug|Any CPU
		{CC79E3B9-A6EE-404B-9D20-67CEA5915434}.Debug|Any CPU.Build.0 = Debug|Any CPU
		{CC79E3B9-A6EE-404B-9D20-67CEA5915434}.Release|Any CPU.ActiveCfg = Release|Any CPU
		{CC79E3B9-A6EE-404B-9D20-67CEA5915434}.Release|Any CPU.Build.0 = Release|Any CPU
		{F5F944CD-8712-4949-8460-3F3D0DD66CFC}.Debug|Any CPU.ActiveCfg = Debug|Any CPU
		{F5F944CD-8712-4949-8460-3F3D0DD66CFC}.Debug|Any CPU.Build.0 = Debug|Any CPU
		{F5F944CD-8712-4949-8460-3F3D0DD66CFC}.Release|Any CPU.ActiveCfg = Release|Any CPU
		{F5F944CD-8712-4949-8460-3F3D0DD66CFC}.Release|Any CPU.Build.0 = Release|Any CPU
	EndGlobalSection
	GlobalSection(NestedProjects) = preSolution
		{B2BFD914-2CD5-4594-82A7-4F198067CBB6} = {63E605CF-573F-4AC1-A544-0634F7DFA72E}
		{A00E6040-D2CC-428C-971C-DD04084B8CA6} = {63E605CF-573F-4AC1-A544-0634F7DFA72E}
		{9B122E91-554F-45B8-B300-3317C90E73A2} = {63E605CF-573F-4AC1-A544-0634F7DFA72E}
		{E7AB2BA8-36FF-4622-B318-F69BCA694745} = {63E605CF-573F-4AC1-A544-0634F7DFA72E}
		{94BDF1EF-CF33-4AEE-AADF-3255A69203AD} = {63E605CF-573F-4AC1-A544-0634F7DFA72E}
		{3CA41A12-778F-45E5-8CDB-A07E743CB4A0} = {63E605CF-573F-4AC1-A544-0634F7DFA72E}
		{2A2BAB97-06C7-4B7A-950E-6C5E8DEEDC4B} = {63E605CF-573F-4AC1-A544-0634F7DFA72E}
		{E7AEDFA4-EF09-43D7-89DF-D9423A5BAF81} = {63E605CF-573F-4AC1-A544-0634F7DFA72E}
		{22F77721-06C8-4467-BF51-F3565A833FE6} = {63E605CF-573F-4AC1-A544-0634F7DFA72E}
		{CC79E3B9-A6EE-404B-9D20-67CEA5915434} = {FC813D0E-383C-48F6-A33A-A028FCE09680}
		{F5F944CD-8712-4949-8460-3F3D0DD66CFC} = {FC813D0E-383C-48F6-A33A-A028FCE09680}
	EndGlobalSection
EndGlobal
